
Microsoft Visual Studio Solution File, Format Version 12.00
# Visual Studio Version 16
VisualStudioVersion = 16.0.31410.357
MinimumVisualStudioVersion = 10.0.40219.1
Project("{888888A0-9F3D-457C-B088-3A5042F75D52}") = "src", "src.pyproj", "{EE0E7CD0-96AC-47E9-A6A8-1094BC669786}"
EndProject
Global
	GlobalSection(SolutionConfigurationPlatforms) = preSolution
		Debug|Any CPU = Debug|Any CPU
		Release|Any CPU = Release|Any CPU
	EndGlobalSection
	GlobalSection(ProjectConfigurationPlatforms) = postSolution
		{EE0E7CD0-96AC-47E9-A6A8-1094BC669786}.Debug|Any CPU.ActiveCfg = Debug|Any CPU
		{EE0E7CD0-96AC-47E9-A6A8-1094BC669786}.Release|Any CPU.ActiveCfg = Release|Any CPU
	EndGlobalSection
	GlobalSection(SolutionProperties) = preSolution
		HideSolutionNode = FALSE
	EndGlobalSection
	GlobalSection(ExtensibilityGlobals) = postSolution
		SolutionGuid = {B9633E2F-7ACE-424E-AA15-F8915FF6D36D}
	EndGlobalSection
EndGlobal
